// !$*UTF8*$!
{
	archiveVersion = 1;
	classes = {
	};
	objectVersion = 48;
	objects = {

/* Begin PBXBuildFile section */
		8309D0A81F60081200514CBB /* AppDelegate.swift in Sources */ = {isa = PBXBuildFile; fileRef = 8309D0A71F60081200514CBB /* AppDelegate.swift */; };
		8309D0AD1F60081200514CBB /* Main.storyboard in Resources */ = {isa = PBXBuildFile; fileRef = 8309D0AB1F60081200514CBB /* Main.storyboard */; };
		8309D0AF1F60081200514CBB /* Assets.xcassets in Resources */ = {isa = PBXBuildFile; fileRef = 8309D0AE1F60081200514CBB /* Assets.xcassets */; };
		8309D0B21F60081200514CBB /* LaunchScreen.storyboard in Resources */ = {isa = PBXBuildFile; fileRef = 8309D0B01F60081200514CBB /* LaunchScreen.storyboard */; };
		8309D0BA1F6008D200514CBB /* CollectionViewController.swift in Sources */ = {isa = PBXBuildFile; fileRef = 8309D0B91F6008D200514CBB /* CollectionViewController.swift */; };
		8309D0BC1F6008E800514CBB /* CollectionViewCell.swift in Sources */ = {isa = PBXBuildFile; fileRef = 8309D0BB1F6008E800514CBB /* CollectionViewCell.swift */; };
/* End PBXBuildFile section */

/* Begin PBXFileReference section */
		8309D0A41F60081200514CBB /* ImageCollection.app */ = {isa = PBXFileReference; explicitFileType = wrapper.application; includeInIndex = 0; path = ImageCollection.app; sourceTree = BUILT_PRODUCTS_DIR; };
		8309D0A71F60081200514CBB /* AppDelegate.swift */ = {isa = PBXFileReference; lastKnownFileType = sourcecode.swift; path = AppDelegate.swift; sourceTree = "<group>"; };
		8309D0AC1F60081200514CBB /* Base */ = {isa = PBXFileReference; lastKnownFileType = file.storyboard; name = Base; path = Base.lproj/Main.storyboard; sourceTree = "<group>"; };
		8309D0AE1F60081200514CBB /* Assets.xcassets */ = {isa = PBXFileReference; lastKnownFileType = folder.assetcatalog; path = Assets.xcassets; sourceTree = "<group>"; };
		8309D0B11F60081200514CBB /* Base */ = {isa = PBXFileReference; lastKnownFileType = file.storyboard; name = Base; path = Base.lproj/LaunchScreen.storyboard; sourceTree = "<group>"; };
		8309D0B31F60081200514CBB /* Info.plist */ = {isa = PBXFileReference; lastKnownFileType = text.plist.xml; path = Info.plist; sourceTree = "<group>"; };
		8309D0B91F6008D200514CBB /* CollectionViewController.swift */ = {isa = PBXFileReference; lastKnownFileType = sourcecode.swift; path = CollectionViewController.swift; sourceTree = "<group>"; };
		8309D0BB1F6008E800514CBB /* CollectionViewCell.swift */ = {isa = PBXFileReference; lastKnownFileType = sourcecode.swift; path = CollectionViewCell.swift; sourceTree = "<group>"; };
/* End PBXFileReference section */

/* Begin PBXFrameworksBuildPhase section */
		8309D0A11F60081200514CBB /* Frameworks */ = {
			isa = PBXFrameworksBuildPhase;
			buildActionMask = 2147483647;
			files = (
			);
			runOnlyForDeploymentPostprocessing = 0;
		};
/* End PBXFrameworksBuildPhase section */

/* Begin PBXGroup section */
		8309D09B1F60081200514CBB = {
			isa = PBXGroup;
			children = (
				8309D0A61F60081200514CBB /* ImageCollection */,
				8309D0A51F60081200514CBB /* Products */,
			);
			sourceTree = "<group>";
		};
		8309D0A51F60081200514CBB /* Products */ = {
			isa = PBXGroup;
			children = (
				8309D0A41F60081200514CBB /* ImageCollection.app */,
			);
			name = Products;
			sourceTree = "<group>";
		};
		8309D0A61F60081200514CBB /* ImageCollection */ = {
			isa = PBXGroup;
			children = (
				8309D0A71F60081200514CBB /* AppDelegate.swift */,
				8309D0AB1F60081200514CBB /* Main.storyboard */,
				8309D0AE1F60081200514CBB /* Assets.xcassets */,
				8309D0B01F60081200514CBB /* LaunchScreen.storyboard */,
				8309D0B31F60081200514CBB /* Info.plist */,
				8309D0B91F6008D200514CBB /* CollectionViewController.swift */,
				8309D0BB1F6008E800514CBB /* CollectionViewCell.swift */,
			);
			path = ImageCollection;
			sourceTree = "<group>";
		};
/* End PBXGroup section */

/* Begin PBXNativeTarget section */
		8309D0A31F60081200514CBB /* ImageCollection */ = {
			isa = PBXNativeTarget;
			buildConfigurationList = 8309D0B61F60081200514CBB /* Build configuration list for PBXNativeTarget "ImageCollection" */;
			buildPhases = (
				8309D0A01F60081200514CBB /* Sources */,
				8309D0A11F60081200514CBB /* Frameworks */,
				8309D0A21F60081200514CBB /* Resources */,
			);
			buildRules = (
			);
			dependencies = (
			);
			name = ImageCollection;
			productName = ImageCollection;
			productReference = 8309D0A41F60081200514CBB /* ImageCollection.app */;
			productType = "com.apple.product-type.application";
		};
/* End PBXNativeTarget section */

/* Begin PBXProject section */
		8309D09C1F60081200514CBB /* Project object */ = {
			isa = PBXProject;
			attributes = {
				LastSwiftUpdateCheck = 0900;
				LastUpgradeCheck = 0900;
				ORGANIZATIONNAME = "Sujanth Sebamalaithasan";
				TargetAttributes = {
					8309D0A31F60081200514CBB = {
						CreatedOnToolsVersion = 9.0;
					};
				};
			};
			buildConfigurationList = 8309D09F1F60081200514CBB /* Build configuration list for PBXProject "ImageCollection" */;
			compatibilityVersion = "Xcode 8.0";
			developmentRegion = en;
			hasScannedForEncodings = 0;
			knownRegions = (
				en,
				Base,
			);
			mainGroup = 8309D09B1F60081200514CBB;
			productRefGroup = 8309D0A51F60081200514CBB /* Products */;
			projectDirPath = "";
			projectRoot = "";
			targets = (
				8309D0A31F60081200514CBB /* ImageCollection */,
			);
		};
/* End PBXProject section */

/* Begin PBXResourcesBuildPhase section */
		8309D0A21F60081200514CBB /* Resources */ = {
			isa = PBXResourcesBuildPhase;
			buildActionMask = 2147483647;
			files = (
				8309D0B21F60081200514CBB /* LaunchScreen.storyboard in Resources */,
				8309D0AF1F60081200514CBB /* Assets.xcassets in Resources */,
				8309D0AD1F60081200514CBB /* Main.storyboard in Resources */,
			);
			runOnlyForDeploymentPostprocessing = 0;
		};
/* End PBXResourcesBuildPhase section */

/* Begin PBXSourcesBuildPhase section */
		8309D0A01F60081200514CBB /* Sources */ = {
			isa = PBXSourcesBuildPhase;
			buildActionMask = 2147483647;
			files = (
				8309D0BA1F6008D200514CBB /* CollectionViewController.swift in Sources */,
				8309D0A81F60081200514CBB /* AppDelegate.swift in Sources */,
				8309D0BC1F6008E800514CBB /* CollectionViewCell.swift in Sources */,
			);
			runOnlyForDeploymentPostprocessing = 0;
		};
/* End PBXSourcesBuildPhase section */

/* Begin PBXVariantGroup section */
		8309D0AB1F60081200514CBB /* Main.storyboard */ = {
			isa = PBXVariantGroup;
			children = (
				8309D0AC1F60081200514CBB /* Base */,
			);
			name = Main.storyboard;
			sourceTree = "<group>";
		};
		8309D0B01F60081200514CBB /* LaunchScreen.storyboard */ = {
			isa = PBXVariantGroup;
			children = (
				8309D0B11F60081200514CBB /* Base */,
			);
			name = LaunchScreen.storyboard;
			sourceTree = "<group>";
		};
/* End PBXVariantGroup section */

/* Begin XCBuildConfiguration section */
		8309D0B41F60081200514CBB /* Debug */ = {
			isa = XCBuildConfiguration;
			buildSettings = {
				ALWAYS_SEARCH_USER_PATHS = NO;
				CLANG_ANALYZER_NONNULL = YES;
				CLANG_ANALYZER_NUMBER_OBJECT_CONVERSION = YES_AGGRESSIVE;
				CLANG_CXX_LANGUAGE_STANDARD = "gnu++14";
				CLANG_CXX_LIBRARY = "libc++";
				CLANG_ENABLE_MODULES = YES;
				CLANG_ENABLE_OBJC_ARC = YES;
				CLANG_WARN_BLOCK_CAPTURE_AUTORELEASING = YES;
				CLANG_WARN_BOOL_CONVERSION = YES;
				CLANG_WARN_COMMA = YES;
				CLANG_WARN_CONSTANT_CONVERSION = YES;
				CLANG_WARN_DIRECT_OBJC_ISA_USAGE = YES_ERROR;
				CLANG_WARN_DOCUMENTATION_COMMENTS = YES;
				CLANG_WARN_EMPTY_BODY = YES;
				CLANG_WARN_ENUM_CONVERSION = YES;
				CLANG_WARN_INFINITE_RECURSION = YES;
				CLANG_WARN_INT_CONVERSION = YES;
				CLANG_WARN_OBJC_ROOT_CLASS = YES_ERROR;
				CLANG_WARN_RANGE_LOOP_ANALYSIS = YES;
				CLANG_WARN_STRICT_PROTOTYPES = YES;
				CLANG_WARN_SUSPICIOUS_MOVE = YES;
				CLANG_WARN_UNGUARDED_AVAILABILITY = YES_AGGRESSIVE;
				CLANG_WARN_UNREACHABLE_CODE = YES;
				CLANG_WARN__DUPLICATE_METHOD_MATCH = YES;
				CODE_SIGN_IDENTITY = "iPhone Developer";
				COPY_PHASE_STRIP = NO;
				DEBUG_INFORMATION_FORMAT = dwarf;
				ENABLE_STRICT_OBJC_MSGSEND = YES;
				ENABLE_TESTABILITY = YES;
				GCC_C_LANGUAGE_STANDARD = gnu11;
				GCC_DYNAMIC_NO_PIC = NO;
				GCC_NO_COMMON_BLOCKS = YES;
				GCC_OPTIMIZATION_LEVEL = 0;
				GCC_PREPROCESSOR_DEFINITIONS = (
					"DEBUG=1",
					"$(inherited)",
				);
				GCC_WARN_64_TO_32_BIT_CONVERSION = YES;
				GCC_WARN_ABOUT_RETURN_TYPE = YES_ERROR;
				GCC_WARN_UNDECLARED_SELECTOR = YES;
				GCC_WARN_UNINITIALIZED_AUTOS = YES_AGGRESSIVE;
				GCC_WARN_UNUSED_FUNCTION = YES;
				GCC_WARN_UNUSED_VARIABLE = YES;
				IPHONEOS_DEPLOYMENT_TARGET = 11.0;
				MTL_ENABLE_DEBUG_INFO = YES;
				ONLY_ACTIVE_ARCH = YES;
				SDKROOT = iphoneos;
				SWIFT_ACTIVE_COMPILATION_CONDITIONS = DEBUG;
				SWIFT_OPTIMIZATION_LEVEL = "-Onone";
			};
			name = Debug;
		};
		8309D0B51F60081200514CBB /* Release */ = {
			isa = XCBuildConfiguration;
			buildSettings = {
				ALWAYS_SEARCH_USER_PATHS = NO;
				CLANG_ANALYZER_NONNULL = YES;
				CLANG_ANALYZER_NUMBER_OBJECT_CONVERSION = YES_AGGRESSIVE;
				CLANG_CXX_LANGUAGE_STANDARD = "gnu++14";
				CLANG_CXX_LIBRARY = "libc++";
				CLANG_ENABLE_MODULES = YES;
				CLANG_ENABLE_OBJC_ARC = YES;
				CLANG_WARN_BLOCK_CAPTURE_AUTORELEASING = YES;
				CLANG_WARN_BOOL_CONVERSION = YES;
				CLANG_WARN_COMMA = YES;
				CLANG_WARN_CONSTANT_CONVERSION = YES;
				CLANG_WARN_DIRECT_OBJC_ISA_USAGE = YES_ERROR;
				CLANG_WARN_DOCUMENTATION_COMMENTS = YES;
				CLANG_WARN_EMPTY_BODY = YES;
				CLANG_WARN_ENUM_CONVERSION = YES;
				CLANG_WARN_INFINITE_RECURSION = YES;
				CLANG_WARN_INT_CONVERSION = YES;
				CLANG_WARN_OBJC_ROOT_CLASS = YES_ERROR;
				CLANG_WARN_RANGE_LOOP_ANALYSIS = YES;
				CLANG_WARN_STRICT_PROTOTYPES = YES;
				CLANG_WARN_SUSPICIOUS_MOVE = YES;
				CLANG_WARN_UNGUARDED_AVAILABILITY = YES_AGGRESSIVE;
				CLANG_WARN_UNREACHABLE_CODE = YES;
				CLANG_WARN__DUPLICATE_METHOD_MATCH = YES;
				CODE_SIGN_IDENTITY = "iPhone Developer";
				COPY_PHASE_STRIP = NO;
				DEBUG_INFORMATION_FORMAT = "dwarf-with-dsym";
				ENABLE_NS_ASSERTIONS = NO;
				ENABLE_STRICT_OBJC_MSGSEND = YES;
				GCC_C_LANGUAGE_STANDARD = gnu11;
				GCC_NO_COMMON_BLOCKS = YES;
				GCC_WARN_64_TO_32_BIT_CONVERSION = YES;
				GCC_WARN_ABOUT_RETURN_TYPE = YES_ERROR;
				GCC_WARN_UNDECLARED_SELECTOR = YES;
				GCC_WARN_UNINITIALIZED_AUTOS = YES_AGGRESSIVE;
				GCC_WARN_UNUSED_FUNCTION = YES;
				GCC_WARN_UNUSED_VARIABLE = YES;
				IPHONEOS_DEPLOYMENT_TARGET = 11.0;
				MTL_ENABLE_DEBUG_INFO = NO;
				SDKROOT = iphoneos;
				SWIFT_OPTIMIZATION_LEVEL = "-Owholemodule";
				VALIDATE_PRODUCT = YES;
			};
			name = Release;
		};
		8309D0B71F60081200514CBB /* Debug */ = {
			isa = XCBuildConfiguration;
			buildSettings = {
				ASSETCATALOG_COMPILER_APPICON_NAME = AppIcon;
				DEVELOPMENT_TEAM = 7444ZHPYLX;
				INFOPLIST_FILE = ImageCollection/Info.plist;
				LD_RUNPATH_SEARCH_PATHS = "$(inherited) @executable_path/Frameworks";
				PRODUCT_BUNDLE_IDENTIFIER = com.sujanth.ImageCollection;
				PRODUCT_NAME = "$(TARGET_NAME)";
				SWIFT_VERSION = 4.0;
				TARGETED_DEVICE_FAMILY = "1,2";
			};
			name = Debug;
		};
		8309D0B81F60081200514CBB /* Release */ = {
			isa = XCBuildConfiguration;
			buildSettings = {
				ASSETCATALOG_COMPILER_APPICON_NAME = AppIcon;
				DEVELOPMENT_TEAM = 7444ZHPYLX;
				INFOPLIST_FILE = ImageCollection/Info.plist;
				LD_RUNPATH_SEARCH_PATHS = "$(inherited) @executable_path/Frameworks";
				PRODUCT_BUNDLE_IDENTIFIER = com.sujanth.ImageCollection;
				PRODUCT_NAME = "$(TARGET_NAME)";
				SWIFT_VERSION = 4.0;
				TARGETED_DEVICE_FAMILY = "1,2";
			};
			name = Release;
		};
/* End XCBuildConfiguration section */

/* Begin XCConfigurationList section */
		8309D09F1F60081200514CBB /* Build configuration list for PBXProject "ImageCollection" */ = {
			isa = XCConfigurationList;
			buildConfigurations = (
				8309D0B41F60081200514CBB /* Debug */,
				8309D0B51F60081200514CBB /* Release */,
			);
			defaultConfigurationIsVisible = 0;
			defaultConfigurationName = Release;
		};
		8309D0B61F60081200514CBB /* Build configuration list for PBXNativeTarget "ImageCollection" */ = {
			isa = XCConfigurationList;
			buildConfigurations = (
				8309D0B71F60081200514CBB /* Debug */,
				8309D0B81F60081200514CBB /* Release */,
			);
			defaultConfigurationIsVisible = 0;
		};
/* End XCConfigurationList section */
	};
	rootObject = 8309D09C1F60081200514CBB /* Project object */;
}
